// !$*UTF8*$!
{
	archiveVersion = 1;
	classes = {
	};
	objectVersion = 56;
	objects = {

/* Begin PBXBuildFile section */
		4ABC7E4A2D125DF700BACA2A /* GoogleService-Info.plist in Resources */ = {isa = PBXBuildFile; fileRef = 4ABC7E492D125DF700BACA2A /* GoogleService-Info.plist */; };
		4ABC7E582D125E7500BACA2A /* FirebaseAuth in Frameworks */ = {isa = PBXBuildFile; productRef = 4ABC7E572D125E7500BACA2A /* FirebaseAuth */; };
		4ABC7E5A2D125E7B00BACA2A /* FirebaseFirestore in Frameworks */ = {isa = PBXBuildFile; productRef = 4ABC7E592D125E7B00BACA2A /* FirebaseFirestore */; };
		4ABC7E5C2D125FE500BACA2A /* AuthManager.swift in Sources */ = {isa = PBXBuildFile; fileRef = 4ABC7E5B2D125FE500BACA2A /* AuthManager.swift */; };
		4ABC7E5E2D12609300BACA2A /* LoginView.swift in Sources */ = {isa = PBXBuildFile; fileRef = 4ABC7E5D2D12609300BACA2A /* LoginView.swift */; };
		4AE3E99D2CE6DCB700952AA8 /* EncourageAppApp.swift in Sources */ = {isa = PBXBuildFile; fileRef = 4AE3E99C2CE6DCB700952AA8 /* EncourageAppApp.swift */; };
		4AE3E99F2CE6DCB700952AA8 /* ContentView.swift in Sources */ = {isa = PBXBuildFile; fileRef = 4AE3E99E2CE6DCB700952AA8 /* ContentView.swift */; };
		4AE3E9A12CE6DCB800952AA8 /* Assets.xcassets in Resources */ = {isa = PBXBuildFile; fileRef = 4AE3E9A02CE6DCB800952AA8 /* Assets.xcassets */; };
		4AE3E9A42CE6DCB800952AA8 /* Preview Assets.xcassets in Resources */ = {isa = PBXBuildFile; fileRef = 4AE3E9A32CE6DCB800952AA8 /* Preview Assets.xcassets */; };
/* End PBXBuildFile section */

/* Begin PBXFileReference section */
		4ABC7E492D125DF700BACA2A /* GoogleService-Info.plist */ = {isa = PBXFileReference; fileEncoding = 4; lastKnownFileType = text.plist.xml; path = "GoogleService-Info.plist"; sourceTree = "<group>"; };
		4ABC7E5B2D125FE500BACA2A /* AuthManager.swift */ = {isa = PBXFileReference; lastKnownFileType = sourcecode.swift; path = AuthManager.swift; sourceTree = "<group>"; };
		4ABC7E5D2D12609300BACA2A /* LoginView.swift */ = {isa = PBXFileReference; lastKnownFileType = sourcecode.swift; path = LoginView.swift; sourceTree = "<group>"; };
		4AE3E9992CE6DCB700952AA8 /* EncourageApp.app */ = {isa = PBXFileReference; explicitFileType = wrapper.application; includeInIndex = 0; path = EncourageApp.app; sourceTree = BUILT_PRODUCTS_DIR; };
		4AE3E99C2CE6DCB700952AA8 /* EncourageAppApp.swift */ = {isa = PBXFileReference; lastKnownFileType = sourcecode.swift; path = EncourageAppApp.swift; sourceTree = "<group>"; };
		4AE3E99E2CE6DCB700952AA8 /* ContentView.swift */ = {isa = PBXFileReference; lastKnownFileType = sourcecode.swift; path = ContentView.swift; sourceTree = "<group>"; };
		4AE3E9A02CE6DCB800952AA8 /* Assets.xcassets */ = {isa = PBXFileReference; lastKnownFileType = folder.assetcatalog; path = Assets.xcassets; sourceTree = "<group>"; };
		4AE3E9A32CE6DCB800952AA8 /* Preview Assets.xcassets */ = {isa = PBXFileReference; lastKnownFileType = folder.assetcatalog; path = "Preview Assets.xcassets"; sourceTree = "<group>"; };
/* End PBXFileReference section */

/* Begin PBXFrameworksBuildPhase section */
		4AE3E9962CE6DCB700952AA8 /* Frameworks */ = {
			isa = PBXFrameworksBuildPhase;
			buildActionMask = 2147483647;
			files = (
				4ABC7E582D125E7500BACA2A /* FirebaseAuth in Frameworks */,
				4ABC7E5A2D125E7B00BACA2A /* FirebaseFirestore in Frameworks */,
			);
			runOnlyForDeploymentPostprocessing = 0;
		};
/* End PBXFrameworksBuildPhase section */

/* Begin PBXGroup section */
		4ABC7E562D125E7500BACA2A /* Frameworks */ = {
			isa = PBXGroup;
			children = (
			);
			name = Frameworks;
			sourceTree = "<group>";
		};
		4AE3E9902CE6DCB700952AA8 = {
			isa = PBXGroup;
			children = (
				4AE3E99B2CE6DCB700952AA8 /* EncourageApp */,
				4AE3E99A2CE6DCB700952AA8 /* Products */,
				4ABC7E562D125E7500BACA2A /* Frameworks */,
			);
			sourceTree = "<group>";
		};
		4AE3E99A2CE6DCB700952AA8 /* Products */ = {
			isa = PBXGroup;
			children = (
				4AE3E9992CE6DCB700952AA8 /* EncourageApp.app */,
			);
			name = Products;
			sourceTree = "<group>";
		};
		4AE3E99B2CE6DCB700952AA8 /* EncourageApp */ = {
			isa = PBXGroup;
			children = (
				4AE3E99C2CE6DCB700952AA8 /* EncourageAppApp.swift */,
				4ABC7E5D2D12609300BACA2A /* LoginView.swift */,
				4AE3E99E2CE6DCB700952AA8 /* ContentView.swift */,
				4ABC7E5B2D125FE500BACA2A /* AuthManager.swift */,
				4AE3E9A02CE6DCB800952AA8 /* Assets.xcassets */,
				4ABC7E492D125DF700BACA2A /* GoogleService-Info.plist */,
				4AE3E9A22CE6DCB800952AA8 /* Preview Content */,
			);
			path = EncourageApp;
			sourceTree = "<group>";
		};
		4AE3E9A22CE6DCB800952AA8 /* Preview Content */ = {
			isa = PBXGroup;
			children = (
				4AE3E9A32CE6DCB800952AA8 /* Preview Assets.xcassets */,
			);
			path = "Preview Content";
			sourceTree = "<group>";
		};
/* End PBXGroup section */

/* Begin PBXNativeTarget section */
		4AE3E9982CE6DCB700952AA8 /* EncourageApp */ = {
			isa = PBXNativeTarget;
			buildConfigurationList = 4AE3E9A72CE6DCB800952AA8 /* Build configuration list for PBXNativeTarget "EncourageApp" */;
			buildPhases = (
				4AE3E9952CE6DCB700952AA8 /* Sources */,
				4AE3E9962CE6DCB700952AA8 /* Frameworks */,
				4AE3E9972CE6DCB700952AA8 /* Resources */,
			);
			buildRules = (
			);
			dependencies = (
			);
			name = EncourageApp;
			packageProductDependencies = (
				4ABC7E572D125E7500BACA2A /* FirebaseAuth */,
				4ABC7E592D125E7B00BACA2A /* FirebaseFirestore */,
			);
			productName = EncourageApp;
			productReference = 4AE3E9992CE6DCB700952AA8 /* EncourageApp.app */;
			productType = "com.apple.product-type.application";
		};
/* End PBXNativeTarget section */

/* Begin PBXProject section */
		4AE3E9912CE6DCB700952AA8 /* Project object */ = {
			isa = PBXProject;
			attributes = {
				BuildIndependentTargetsInParallel = 1;
				LastSwiftUpdateCheck = 1540;
				LastUpgradeCheck = 1540;
				TargetAttributes = {
					4AE3E9982CE6DCB700952AA8 = {
						CreatedOnToolsVersion = 15.4;
					};
				};
			};
			buildConfigurationList = 4AE3E9942CE6DCB700952AA8 /* Build configuration list for PBXProject "EncourageApp" */;
			compatibilityVersion = "Xcode 14.0";
			developmentRegion = en;
			hasScannedForEncodings = 0;
			knownRegions = (
				en,
				Base,
			);
			mainGroup = 4AE3E9902CE6DCB700952AA8;
			packageReferences = (
				4ABC7E4B2D125E5D00BACA2A /* XCRemoteSwiftPackageReference "firebase-ios-sdk" */,
			);
			productRefGroup = 4AE3E99A2CE6DCB700952AA8 /* Products */;
			projectDirPath = "";
			projectRoot = "";
			targets = (
				4AE3E9982CE6DCB700952AA8 /* EncourageApp */,
			);
		};
/* End PBXProject section */

/* Begin PBXResourcesBuildPhase section */
		4AE3E9972CE6DCB700952AA8 /* Resources */ = {
			isa = PBXResourcesBuildPhase;
			buildActionMask = 2147483647;
			files = (
				4AE3E9A42CE6DCB800952AA8 /* Preview Assets.xcassets in Resources */,
				4AE3E9A12CE6DCB800952AA8 /* Assets.xcassets in Resources */,
				4ABC7E4A2D125DF700BACA2A /* GoogleService-Info.plist in Resources */,
			);
			runOnlyForDeploymentPostprocessing = 0;
		};
/* End PBXResourcesBuildPhase section */

/* Begin PBXSourcesBuildPhase section */
		4AE3E9952CE6DCB700952AA8 /* Sources */ = {
			isa = PBXSourcesBuildPhase;
			buildActionMask = 2147483647;
			files = (
				4AE3E99F2CE6DCB700952AA8 /* ContentView.swift in Sources */,
				4ABC7E5C2D125FE500BACA2A /* AuthManager.swift in Sources */,
				4ABC7E5E2D12609300BACA2A /* LoginView.swift in Sources */,
				4AE3E99D2CE6DCB700952AA8 /* EncourageAppApp.swift in Sources */,
			);
			runOnlyForDeploymentPostprocessing = 0;
		};
/* End PBXSourcesBuildPhase section */

/* Begin XCBuildConfiguration section */
		4AE3E9A52CE6DCB800952AA8 /* Debug */ = {
			isa = XCBuildConfiguration;
			buildSettings = {
				ALWAYS_SEARCH_USER_PATHS = NO;
				ASSETCATALOG_COMPILER_GENERATE_SWIFT_ASSET_SYMBOL_EXTENSIONS = YES;
				CLANG_ANALYZER_NONNULL = YES;
				CLANG_ANALYZER_NUMBER_OBJECT_CONVERSION = YES_AGGRESSIVE;
				CLANG_CXX_LANGUAGE_STANDARD = "gnu++20";
				CLANG_ENABLE_MODULES = YES;
				CLANG_ENABLE_OBJC_ARC = YES;
				CLANG_ENABLE_OBJC_WEAK = YES;
				CLANG_WARN_BLOCK_CAPTURE_AUTORELEASING = YES;
				CLANG_WARN_BOOL_CONVERSION = YES;
				CLANG_WARN_COMMA = YES;
				CLANG_WARN_CONSTANT_CONVERSION = YES;
				CLANG_WARN_DEPRECATED_OBJC_IMPLEMENTATIONS = YES;
				CLANG_WARN_DIRECT_OBJC_ISA_USAGE = YES_ERROR;
				CLANG_WARN_DOCUMENTATION_COMMENTS = YES;
				CLANG_WARN_EMPTY_BODY = YES;
				CLANG_WARN_ENUM_CONVERSION = YES;
				CLANG_WARN_INFINITE_RECURSION = YES;
				CLANG_WARN_INT_CONVERSION = YES;
				CLANG_WARN_NON_LITERAL_NULL_CONVERSION = YES;
				CLANG_WARN_OBJC_IMPLICIT_RETAIN_SELF = YES;
				CLANG_WARN_OBJC_LITERAL_CONVERSION = YES;
				CLANG_WARN_OBJC_ROOT_CLASS = YES_ERROR;
				CLANG_WARN_QUOTED_INCLUDE_IN_FRAMEWORK_HEADER = YES;
				CLANG_WARN_RANGE_LOOP_ANALYSIS = YES;
				CLANG_WARN_STRICT_PROTOTYPES = YES;
				CLANG_WARN_SUSPICIOUS_MOVE = YES;
				CLANG_WARN_UNGUARDED_AVAILABILITY = YES_AGGRESSIVE;
				CLANG_WARN_UNREACHABLE_CODE = YES;
				CLANG_WARN__DUPLICATE_METHOD_MATCH = YES;
				COPY_PHASE_STRIP = NO;
				DEBUG_INFORMATION_FORMAT = dwarf;
				ENABLE_STRICT_OBJC_MSGSEND = YES;
				ENABLE_TESTABILITY = YES;
				ENABLE_USER_SCRIPT_SANDBOXING = YES;
				GCC_C_LANGUAGE_STANDARD = gnu17;
				GCC_DYNAMIC_NO_PIC = NO;
				GCC_NO_COMMON_BLOCKS = YES;
				GCC_OPTIMIZATION_LEVEL = 0;
				GCC_PREPROCESSOR_DEFINITIONS = (
					"DEBUG=1",
					"$(inherited)",
				);
				GCC_WARN_64_TO_32_BIT_CONVERSION = YES;
				GCC_WARN_ABOUT_RETURN_TYPE = YES_ERROR;
				GCC_WARN_UNDECLARED_SELECTOR = YES;
				GCC_WARN_UNINITIALIZED_AUTOS = YES_AGGRESSIVE;
				GCC_WARN_UNUSED_FUNCTION = YES;
				GCC_WARN_UNUSED_VARIABLE = YES;
				IPHONEOS_DEPLOYMENT_TARGET = 17.5;
				LOCALIZATION_PREFERS_STRING_CATALOGS = YES;
				MTL_ENABLE_DEBUG_INFO = INCLUDE_SOURCE;
				MTL_FAST_MATH = YES;
				ONLY_ACTIVE_ARCH = YES;
				SDKROOT = iphoneos;
				SWIFT_ACTIVE_COMPILATION_CONDITIONS = "DEBUG $(inherited)";
				SWIFT_OPTIMIZATION_LEVEL = "-Onone";
			};
			name = Debug;
		};
		4AE3E9A62CE6DCB800952AA8 /* Release */ = {
			isa = XCBuildConfiguration;
			buildSettings = {
				ALWAYS_SEARCH_USER_PATHS = NO;
				ASSETCATALOG_COMPILER_GENERATE_SWIFT_ASSET_SYMBOL_EXTENSIONS = YES;
				CLANG_ANALYZER_NONNULL = YES;
				CLANG_ANALYZER_NUMBER_OBJECT_CONVERSION = YES_AGGRESSIVE;
				CLANG_CXX_LANGUAGE_STANDARD = "gnu++20";
				CLANG_ENABLE_MODULES = YES;
				CLANG_ENABLE_OBJC_ARC = YES;
				CLANG_ENABLE_OBJC_WEAK = YES;
				CLANG_WARN_BLOCK_CAPTURE_AUTORELEASING = YES;
				CLANG_WARN_BOOL_CONVERSION = YES;
				CLANG_WARN_COMMA = YES;
				CLANG_WARN_CONSTANT_CONVERSION = YES;
				CLANG_WARN_DEPRECATED_OBJC_IMPLEMENTATIONS = YES;
				CLANG_WARN_DIRECT_OBJC_ISA_USAGE = YES_ERROR;
				CLANG_WARN_DOCUMENTATION_COMMENTS = YES;
				CLANG_WARN_EMPTY_BODY = YES;
				CLANG_WARN_ENUM_CONVERSION = YES;
				CLANG_WARN_INFINITE_RECURSION = YES;
				CLANG_WARN_INT_CONVERSION = YES;
				CLANG_WARN_NON_LITERAL_NULL_CONVERSION = YES;
				CLANG_WARN_OBJC_IMPLICIT_RETAIN_SELF = YES;
				CLANG_WARN_OBJC_LITERAL_CONVERSION = YES;
				CLANG_WARN_OBJC_ROOT_CLASS = YES_ERROR;
				CLANG_WARN_QUOTED_INCLUDE_IN_FRAMEWORK_HEADER = YES;
				CLANG_WARN_RANGE_LOOP_ANALYSIS = YES;
				CLANG_WARN_STRICT_PROTOTYPES = YES;
				CLANG_WARN_SUSPICIOUS_MOVE = YES;
				CLANG_WARN_UNGUARDED_AVAILABILITY = YES_AGGRESSIVE;
				CLANG_WARN_UNREACHABLE_CODE = YES;
				CLANG_WARN__DUPLICATE_METHOD_MATCH = YES;
				COPY_PHASE_STRIP = NO;
				DEBUG_INFORMATION_FORMAT = "dwarf-with-dsym";
				ENABLE_NS_ASSERTIONS = NO;
				ENABLE_STRICT_OBJC_MSGSEND = YES;
				ENABLE_USER_SCRIPT_SANDBOXING = YES;
				GCC_C_LANGUAGE_STANDARD = gnu17;
				GCC_NO_COMMON_BLOCKS = YES;
				GCC_WARN_64_TO_32_BIT_CONVERSION = YES;
				GCC_WARN_ABOUT_RETURN_TYPE = YES_ERROR;
				GCC_WARN_UNDECLARED_SELECTOR = YES;
				GCC_WARN_UNINITIALIZED_AUTOS = YES_AGGRESSIVE;
				GCC_WARN_UNUSED_FUNCTION = YES;
				GCC_WARN_UNUSED_VARIABLE = YES;
				IPHONEOS_DEPLOYMENT_TARGET = 17.5;
				LOCALIZATION_PREFERS_STRING_CATALOGS = YES;
				MTL_ENABLE_DEBUG_INFO = NO;
				MTL_FAST_MATH = YES;
				SDKROOT = iphoneos;
				SWIFT_COMPILATION_MODE = wholemodule;
				VALIDATE_PRODUCT = YES;
			};
			name = Release;
		};
		4AE3E9A82CE6DCB800952AA8 /* Debug */ = {
			isa = XCBuildConfiguration;
			buildSettings = {
				ASSETCATALOG_COMPILER_APPICON_NAME = AppIcon;
				ASSETCATALOG_COMPILER_GLOBAL_ACCENT_COLOR_NAME = AccentColor;
				CODE_SIGN_STYLE = Automatic;
				CURRENT_PROJECT_VERSION = 1;
				DEVELOPMENT_ASSET_PATHS = "\"EncourageApp/Preview Content\"";
				DEVELOPMENT_TEAM = 2LGNPK527F;
				ENABLE_PREVIEWS = YES;
				GENERATE_INFOPLIST_FILE = YES;
				INFOPLIST_KEY_UIApplicationSceneManifest_Generation = YES;
				INFOPLIST_KEY_UIApplicationSupportsIndirectInputEvents = YES;
				INFOPLIST_KEY_UILaunchScreen_Generation = YES;
				INFOPLIST_KEY_UISupportedInterfaceOrientations_iPad = "UIInterfaceOrientationPortrait UIInterfaceOrientationPortraitUpsideDown UIInterfaceOrientationLandscapeLeft UIInterfaceOrientationLandscapeRight";
				INFOPLIST_KEY_UISupportedInterfaceOrientations_iPhone = "UIInterfaceOrientationPortrait UIInterfaceOrientationLandscapeLeft UIInterfaceOrientationLandscapeRight";
				LD_RUNPATH_SEARCH_PATHS = (
					"$(inherited)",
					"@executable_path/Frameworks",
				);
				MARKETING_VERSION = 1.0;
				PRODUCT_BUNDLE_IDENTIFIER = GiannfrancoCrovetto.EncourageApp;
				PRODUCT_NAME = "$(TARGET_NAME)";
				SWIFT_EMIT_LOC_STRINGS = YES;
				SWIFT_VERSION = 5.0;
				TARGETED_DEVICE_FAMILY = "1,2";
			};
			name = Debug;
		};
		4AE3E9A92CE6DCB800952AA8 /* Release */ = {
			isa = XCBuildConfiguration;
			buildSettings = {
				ASSETCATALOG_COMPILER_APPICON_NAME = AppIcon;
				ASSETCATALOG_COMPILER_GLOBAL_ACCENT_COLOR_NAME = AccentColor;
				CODE_SIGN_STYLE = Automatic;
				CURRENT_PROJECT_VERSION = 1;
				DEVELOPMENT_ASSET_PATHS = "\"EncourageApp/Preview Content\"";
				DEVELOPMENT_TEAM = 2LGNPK527F;
				ENABLE_PREVIEWS = YES;
				GENERATE_INFOPLIST_FILE = YES;
				INFOPLIST_KEY_UIApplicationSceneManifest_Generation = YES;
				INFOPLIST_KEY_UIApplicationSupportsIndirectInputEvents = YES;
				INFOPLIST_KEY_UILaunchScreen_Generation = YES;
				INFOPLIST_KEY_UISupportedInterfaceOrientations_iPad = "UIInterfaceOrientationPortrait UIInterfaceOrientationPortraitUpsideDown UIInterfaceOrientationLandscapeLeft UIInterfaceOrientationLandscapeRight";
				INFOPLIST_KEY_UISupportedInterfaceOrientations_iPhone = "UIInterfaceOrientationPortrait UIInterfaceOrientationLandscapeLeft UIInterfaceOrientationLandscapeRight";
				LD_RUNPATH_SEARCH_PATHS = (
					"$(inherited)",
					"@executable_path/Frameworks",
				);
				MARKETING_VERSION = 1.0;
				PRODUCT_BUNDLE_IDENTIFIER = GiannfrancoCrovetto.EncourageApp;
				PRODUCT_NAME = "$(TARGET_NAME)";
				SWIFT_EMIT_LOC_STRINGS = YES;
				SWIFT_VERSION = 5.0;
				TARGETED_DEVICE_FAMILY = "1,2";
			};
			name = Release;
		};
/* End XCBuildConfiguration section */

/* Begin XCConfigurationList section */
		4AE3E9942CE6DCB700952AA8 /* Build configuration list for PBXProject "EncourageApp" */ = {
			isa = XCConfigurationList;
			buildConfigurations = (
				4AE3E9A52CE6DCB800952AA8 /* Debug */,
				4AE3E9A62CE6DCB800952AA8 /* Release */,
			);
			defaultConfigurationIsVisible = 0;
			defaultConfigurationName = Release;
		};
		4AE3E9A72CE6DCB800952AA8 /* Build configuration list for PBXNativeTarget "EncourageApp" */ = {
			isa = XCConfigurationList;
			buildConfigurations = (
				4AE3E9A82CE6DCB800952AA8 /* Debug */,
				4AE3E9A92CE6DCB800952AA8 /* Release */,
			);
			defaultConfigurationIsVisible = 0;
			defaultConfigurationName = Release;
		};
/* End XCConfigurationList section */

/* Begin XCRemoteSwiftPackageReference section */
		4ABC7E4B2D125E5D00BACA2A /* XCRemoteSwiftPackageReference "firebase-ios-sdk" */ = {
			isa = XCRemoteSwiftPackageReference;
			repositoryURL = "https://github.com/firebase/firebase-ios-sdk";
			requirement = {
				kind = upToNextMajorVersion;
				minimumVersion = 11.6.0;
			};
		};
/* End XCRemoteSwiftPackageReference section */

/* Begin XCSwiftPackageProductDependency section */
		4ABC7E572D125E7500BACA2A /* FirebaseAuth */ = {
			isa = XCSwiftPackageProductDependency;
			package = 4ABC7E4B2D125E5D00BACA2A /* XCRemoteSwiftPackageReference "firebase-ios-sdk" */;
			productName = FirebaseAuth;
		};
		4ABC7E592D125E7B00BACA2A /* FirebaseFirestore */ = {
			isa = XCSwiftPackageProductDependency;
			package = 4ABC7E4B2D125E5D00BACA2A /* XCRemoteSwiftPackageReference "firebase-ios-sdk" */;
			productName = FirebaseFirestore;
		};
/* End XCSwiftPackageProductDependency section */
	};
	rootObject = 4AE3E9912CE6DCB700952AA8 /* Project object */;
}
